
Microsoft Visual Studio Solution File, Format Version 12.00
# Visual Studio Version 16
VisualStudioVersion = 16.0.31205.134
MinimumVisualStudioVersion = 10.0.40219.1
Project("{FAE04EC0-301F-11D3-BF4B-00C04F79EFBC}") = "GoSpaceAIGitHubTest", "GoSpaceAIGitHubTest\GoSpaceAIGitHubTest.csproj", "{381382F7-2871-4E57-93A2-7E703E1BA266}"
EndProject
Global
	GlobalSection(SolutionConfigurationPlatforms) = preSolution
		Debug|Any CPU = Debug|Any CPU
		Release|Any CPU = Release|Any CPU
	EndGlobalSection
	GlobalSection(ProjectConfigurationPlatforms) = postSolution
		{381382F7-2871-4E57-93A2-7E703E1BA266}.Debug|Any CPU.ActiveCfg = Debug|Any CPU
		{381382F7-2871-4E57-93A2-7E703E1BA266}.Debug|Any CPU.Build.0 = Debug|Any CPU
		{381382F7-2871-4E57-93A2-7E703E1BA266}.Release|Any CPU.ActiveCfg = Release|Any CPU
		{381382F7-2871-4E57-93A2-7E703E1BA266}.Release|Any CPU.Build.0 = Release|Any CPU
	EndGlobalSection
	GlobalSection(SolutionProperties) = preSolution
		HideSolutionNode = FALSE
	EndGlobalSection
	GlobalSection(ExtensibilityGlobals) = postSolution
		SolutionGuid = {3AA33A31-9437-49F1-9BF0-62E75B22F6E2}
	EndGlobalSection
EndGlobal
